// !$*UTF8*$!
{
	archiveVersion = 1;
	classes = {
	};
	objectVersion = 77;
	objects = {

/* Begin PBXBuildFile section */
		F83B545B2EB0B7AD0024A5C6 /* SoftphoneSwiftPackage-saas in Frameworks */ = {isa = PBXBuildFile; productRef = F83B545A2EB0B7AD0024A5C6 /* SoftphoneSwiftPackage-saas */; };
/* End PBXBuildFile section */

/* Begin PBXContainerItemProxy section */
		F83B54012EB0B1580024A5C6 /* PBXContainerItemProxy */ = {
			isa = PBXContainerItemProxy;
			containerPortal = F83B53EB2EB0B1570024A5C6 /* Project object */;
			proxyType = 1;
			remoteGlobalIDString = F83B53F22EB0B1570024A5C6;
			remoteInfo = "Acrobits VoIP assignment";
		};
		F83B540B2EB0B1580024A5C6 /* PBXContainerItemProxy */ = {
			isa = PBXContainerItemProxy;
			containerPortal = F83B53EB2EB0B1570024A5C6 /* Project object */;
			proxyType = 1;
			remoteGlobalIDString = F83B53F22EB0B1570024A5C6;
			remoteInfo = "Acrobits VoIP assignment";
		};
/* End PBXContainerItemProxy section */

/* Begin PBXFileReference section */
		F83B53F32EB0B1570024A5C6 /* Acrobits VoIP assignment.app */ = {isa = PBXFileReference; explicitFileType = wrapper.application; includeInIndex = 0; path = "Acrobits VoIP assignment.app"; sourceTree = BUILT_PRODUCTS_DIR; };
		F83B54002EB0B1580024A5C6 /* Acrobits VoIP assignmentTests.xctest */ = {isa = PBXFileReference; explicitFileType = wrapper.cfbundle; includeInIndex = 0; path = "Acrobits VoIP assignmentTests.xctest"; sourceTree = BUILT_PRODUCTS_DIR; };
		F83B540A2EB0B1580024A5C6 /* Acrobits VoIP assignmentUITests.xctest */ = {isa = PBXFileReference; explicitFileType = wrapper.cfbundle; includeInIndex = 0; path = "Acrobits VoIP assignmentUITests.xctest"; sourceTree = BUILT_PRODUCTS_DIR; };
/* End PBXFileReference section */

/* Begin PBXFileSystemSynchronizedRootGroup section */
		F83B53F52EB0B1570024A5C6 /* Acrobits VoIP assignment */ = {
			isa = PBXFileSystemSynchronizedRootGroup;
			path = "Acrobits VoIP assignment";
			sourceTree = SOURCE_ROOT;
		};
		F83B54032EB0B1580024A5C6 /* Acrobits VoIP assignmentTests */ = {
			isa = PBXFileSystemSynchronizedRootGroup;
			path = "Acrobits VoIP assignmentTests";
			sourceTree = "<group>";
		};
		F83B540D2EB0B1580024A5C6 /* Acrobits VoIP assignmentUITests */ = {
			isa = PBXFileSystemSynchronizedRootGroup;
			path = "Acrobits VoIP assignmentUITests";
			sourceTree = "<group>";
		};
/* End PBXFileSystemSynchronizedRootGroup section */

/* Begin PBXFrameworksBuildPhase section */
		F83B53F02EB0B1570024A5C6 /* Frameworks */ = {
			isa = PBXFrameworksBuildPhase;
			buildActionMask = 2147483647;
			files = (
				F83B545B2EB0B7AD0024A5C6 /* SoftphoneSwiftPackage-saas in Frameworks */,
			);
			runOnlyForDeploymentPostprocessing = 0;
		};
		F83B53FD2EB0B1580024A5C6 /* Frameworks */ = {
			isa = PBXFrameworksBuildPhase;
			buildActionMask = 2147483647;
			files = (
			);
			runOnlyForDeploymentPostprocessing = 0;
		};
		F83B54072EB0B1580024A5C6 /* Frameworks */ = {
			isa = PBXFrameworksBuildPhase;
			buildActionMask = 2147483647;
			files = (
			);
			runOnlyForDeploymentPostprocessing = 0;
		};
/* End PBXFrameworksBuildPhase section */

/* Begin PBXGroup section */
		F83B53EA2EB0B1570024A5C6 = {
			isa = PBXGroup;
			children = (
				F83B53F52EB0B1570024A5C6 /* Acrobits VoIP assignment */,
				F83B54032EB0B1580024A5C6 /* Acrobits VoIP assignmentTests */,
				F83B540D2EB0B1580024A5C6 /* Acrobits VoIP assignmentUITests */,
				F83B53F42EB0B1570024A5C6 /* Products */,
			);
			sourceTree = "<group>";
		};
		F83B53F42EB0B1570024A5C6 /* Products */ = {
			isa = PBXGroup;
			children = (
				F83B53F32EB0B1570024A5C6 /* Acrobits VoIP assignment.app */,
				F83B54002EB0B1580024A5C6 /* Acrobits VoIP assignmentTests.xctest */,
				F83B540A2EB0B1580024A5C6 /* Acrobits VoIP assignmentUITests.xctest */,
			);
			name = Products;
			sourceTree = "<group>";
		};
/* End PBXGroup section */

/* Begin PBXNativeTarget section */
		F83B53F22EB0B1570024A5C6 /* Acrobits VoIP assignment */ = {
			isa = PBXNativeTarget;
			buildConfigurationList = F83B54142EB0B1580024A5C6 /* Build configuration list for PBXNativeTarget "Acrobits VoIP assignment" */;
			buildPhases = (
				F83B53EF2EB0B1570024A5C6 /* Sources */,
				F83B53F02EB0B1570024A5C6 /* Frameworks */,
				F83B53F12EB0B1570024A5C6 /* Resources */,
			);
			buildRules = (
			);
			dependencies = (
			);
			fileSystemSynchronizedGroups = (
				F83B53F52EB0B1570024A5C6 /* Acrobits VoIP assignment */,
			);
			name = "Acrobits VoIP assignment";
			packageProductDependencies = (
				F83B545A2EB0B7AD0024A5C6 /* SoftphoneSwiftPackage-saas */,
			);
			productName = "Acrobits VoIP assignment";
			productReference = F83B53F32EB0B1570024A5C6 /* Acrobits VoIP assignment.app */;
			productType = "com.apple.product-type.application";
		};
		F83B53FF2EB0B1580024A5C6 /* Acrobits VoIP assignmentTests */ = {
			isa = PBXNativeTarget;
			buildConfigurationList = F83B54172EB0B1580024A5C6 /* Build configuration list for PBXNativeTarget "Acrobits VoIP assignmentTests" */;
			buildPhases = (
				F83B53FC2EB0B1580024A5C6 /* Sources */,
				F83B53FD2EB0B1580024A5C6 /* Frameworks */,
				F83B53FE2EB0B1580024A5C6 /* Resources */,
			);
			buildRules = (
			);
			dependencies = (
				F83B54022EB0B1580024A5C6 /* PBXTargetDependency */,
			);
			fileSystemSynchronizedGroups = (
				F83B54032EB0B1580024A5C6 /* Acrobits VoIP assignmentTests */,
			);
			name = "Acrobits VoIP assignmentTests";
			packageProductDependencies = (
			);
			productName = "Acrobits VoIP assignmentTests";
			productReference = F83B54002EB0B1580024A5C6 /* Acrobits VoIP assignmentTests.xctest */;
			productType = "com.apple.product-type.bundle.unit-test";
		};
		F83B54092EB0B1580024A5C6 /* Acrobits VoIP assignmentUITests */ = {
			isa = PBXNativeTarget;
			buildConfigurationList = F83B541A2EB0B1580024A5C6 /* Build configuration list for PBXNativeTarget "Acrobits VoIP assignmentUITests" */;
			buildPhases = (
				F83B54062EB0B1580024A5C6 /* Sources */,
				F83B54072EB0B1580024A5C6 /* Frameworks */,
				F83B54082EB0B1580024A5C6 /* Resources */,
			);
			buildRules = (
			);
			dependencies = (
				F83B540C2EB0B1580024A5C6 /* PBXTargetDependency */,
			);
			fileSystemSynchronizedGroups = (
				F83B540D2EB0B1580024A5C6 /* Acrobits VoIP assignmentUITests */,
			);
			name = "Acrobits VoIP assignmentUITests";
			packageProductDependencies = (
			);
			productName = "Acrobits VoIP assignmentUITests";
			productReference = F83B540A2EB0B1580024A5C6 /* Acrobits VoIP assignmentUITests.xctest */;
			productType = "com.apple.product-type.bundle.ui-testing";
		};
/* End PBXNativeTarget section */

/* Begin PBXProject section */
		F83B53EB2EB0B1570024A5C6 /* Project object */ = {
			isa = PBXProject;
			attributes = {
				BuildIndependentTargetsInParallel = 1;
				LastSwiftUpdateCheck = 1630;
				LastUpgradeCheck = 1630;
				TargetAttributes = {
					F83B53F22EB0B1570024A5C6 = {
						CreatedOnToolsVersion = 16.3;
					};
					F83B53FF2EB0B1580024A5C6 = {
						CreatedOnToolsVersion = 16.3;
						TestTargetID = F83B53F22EB0B1570024A5C6;
					};
					F83B54092EB0B1580024A5C6 = {
						CreatedOnToolsVersion = 16.3;
						TestTargetID = F83B53F22EB0B1570024A5C6;
					};
				};
			};
			buildConfigurationList = F83B53EE2EB0B1570024A5C6 /* Build configuration list for PBXProject "Acrobits VoIP assignment" */;
			developmentRegion = en;
			hasScannedForEncodings = 0;
			knownRegions = (
				en,
				Base,
			);
			mainGroup = F83B53EA2EB0B1570024A5C6;
			minimizedProjectReferenceProxies = 1;
			packageReferences = (
				F83B54592EB0B7AD0024A5C6 /* XCRemoteSwiftPackageReference "SoftphoneSwiftPackage-saas" */,
			);
			preferredProjectObjectVersion = 77;
			productRefGroup = F83B53F42EB0B1570024A5C6 /* Products */;
			projectDirPath = "";
			projectRoot = "";
			targets = (
				F83B53F22EB0B1570024A5C6 /* Acrobits VoIP assignment */,
				F83B53FF2EB0B1580024A5C6 /* Acrobits VoIP assignmentTests */,
				F83B54092EB0B1580024A5C6 /* Acrobits VoIP assignmentUITests */,
			);
		};
/* End PBXProject section */

/* Begin PBXResourcesBuildPhase section */
		F83B53F12EB0B1570024A5C6 /* Resources */ = {
			isa = PBXResourcesBuildPhase;
			buildActionMask = 2147483647;
			files = (
			);
			runOnlyForDeploymentPostprocessing = 0;
		};
		F83B53FE2EB0B1580024A5C6 /* Resources */ = {
			isa = PBXResourcesBuildPhase;
			buildActionMask = 2147483647;
			files = (
			);
			runOnlyForDeploymentPostprocessing = 0;
		};
		F83B54082EB0B1580024A5C6 /* Resources */ = {
			isa = PBXResourcesBuildPhase;
			buildActionMask = 2147483647;
			files = (
			);
			runOnlyForDeploymentPostprocessing = 0;
		};
/* End PBXResourcesBuildPhase section */

/* Begin PBXSourcesBuildPhase section */
		F83B53EF2EB0B1570024A5C6 /* Sources */ = {
			isa = PBXSourcesBuildPhase;
			buildActionMask = 2147483647;
			files = (
			);
			runOnlyForDeploymentPostprocessing = 0;
		};
		F83B53FC2EB0B1580024A5C6 /* Sources */ = {
			isa = PBXSourcesBuildPhase;
			buildActionMask = 2147483647;
			files = (
			);
			runOnlyForDeploymentPostprocessing = 0;
		};
		F83B54062EB0B1580024A5C6 /* Sources */ = {
			isa = PBXSourcesBuildPhase;
			buildActionMask = 2147483647;
			files = (
			);
			runOnlyForDeploymentPostprocessing = 0;
		};
/* End PBXSourcesBuildPhase section */

/* Begin PBXTargetDependency section */
		F83B54022EB0B1580024A5C6 /* PBXTargetDependency */ = {
			isa = PBXTargetDependency;
			target = F83B53F22EB0B1570024A5C6 /* Acrobits VoIP assignment */;
			targetProxy = F83B54012EB0B1580024A5C6 /* PBXContainerItemProxy */;
		};
		F83B540C2EB0B1580024A5C6 /* PBXTargetDependency */ = {
			isa = PBXTargetDependency;
			target = F83B53F22EB0B1570024A5C6 /* Acrobits VoIP assignment */;
			targetProxy = F83B540B2EB0B1580024A5C6 /* PBXContainerItemProxy */;
		};
/* End PBXTargetDependency section */

/* Begin XCBuildConfiguration section */
		F83B54122EB0B1580024A5C6 /* Debug */ = {
			isa = XCBuildConfiguration;
			buildSettings = {
				ALWAYS_SEARCH_USER_PATHS = NO;
				ASSETCATALOG_COMPILER_GENERATE_SWIFT_ASSET_SYMBOL_EXTENSIONS = YES;
				CLANG_ANALYZER_NONNULL = YES;
				CLANG_ANALYZER_NUMBER_OBJECT_CONVERSION = YES_AGGRESSIVE;
				CLANG_CXX_LANGUAGE_STANDARD = "gnu++20";
				CLANG_ENABLE_MODULES = YES;
				CLANG_ENABLE_OBJC_ARC = YES;
				CLANG_ENABLE_OBJC_WEAK = YES;
				CLANG_WARN_BLOCK_CAPTURE_AUTORELEASING = YES;
				CLANG_WARN_BOOL_CONVERSION = YES;
				CLANG_WARN_COMMA = YES;
				CLANG_WARN_CONSTANT_CONVERSION = YES;
				CLANG_WARN_DEPRECATED_OBJC_IMPLEMENTATIONS = YES;
				CLANG_WARN_DIRECT_OBJC_ISA_USAGE = YES_ERROR;
				CLANG_WARN_DOCUMENTATION_COMMENTS = YES;
				CLANG_WARN_EMPTY_BODY = YES;
				CLANG_WARN_ENUM_CONVERSION = YES;
				CLANG_WARN_INFINITE_RECURSION = YES;
				CLANG_WARN_INT_CONVERSION = YES;
				CLANG_WARN_NON_LITERAL_NULL_CONVERSION = YES;
				CLANG_WARN_OBJC_IMPLICIT_RETAIN_SELF = YES;
				CLANG_WARN_OBJC_LITERAL_CONVERSION = YES;
				CLANG_WARN_OBJC_ROOT_CLASS = YES_ERROR;
				CLANG_WARN_QUOTED_INCLUDE_IN_FRAMEWORK_HEADER = YES;
				CLANG_WARN_RANGE_LOOP_ANALYSIS = YES;
				CLANG_WARN_STRICT_PROTOTYPES = YES;
				CLANG_WARN_SUSPICIOUS_MOVE = YES;
				CLANG_WARN_UNGUARDED_AVAILABILITY = YES_AGGRESSIVE;
				CLANG_WARN_UNREACHABLE_CODE = YES;
				CLANG_WARN__DUPLICATE_METHOD_MATCH = YES;
				COPY_PHASE_STRIP = NO;
				DEBUG_INFORMATION_FORMAT = dwarf;
				DEVELOPMENT_TEAM = 8T7JPBH3T6;
				ENABLE_STRICT_OBJC_MSGSEND = YES;
				ENABLE_TESTABILITY = YES;
				ENABLE_USER_SCRIPT_SANDBOXING = YES;
				GCC_C_LANGUAGE_STANDARD = gnu17;
				GCC_DYNAMIC_NO_PIC = NO;
				GCC_NO_COMMON_BLOCKS = YES;
				GCC_OPTIMIZATION_LEVEL = 0;
				GCC_PREPROCESSOR_DEFINITIONS = (
					"DEBUG=1",
					"$(inherited)",
				);
				GCC_WARN_64_TO_32_BIT_CONVERSION = YES;
				GCC_WARN_ABOUT_RETURN_TYPE = YES_ERROR;
				GCC_WARN_UNDECLARED_SELECTOR = YES;
				GCC_WARN_UNINITIALIZED_AUTOS = YES_AGGRESSIVE;
				GCC_WARN_UNUSED_FUNCTION = YES;
				GCC_WARN_UNUSED_VARIABLE = YES;
				IPHONEOS_DEPLOYMENT_TARGET = 18.4;
				LOCALIZATION_PREFERS_STRING_CATALOGS = YES;
				MTL_ENABLE_DEBUG_INFO = INCLUDE_SOURCE;
				MTL_FAST_MATH = YES;
				ONLY_ACTIVE_ARCH = YES;
				SDKROOT = iphoneos;
				SWIFT_ACTIVE_COMPILATION_CONDITIONS = "DEBUG $(inherited)";
				SWIFT_OPTIMIZATION_LEVEL = "-Onone";
			};
			name = Debug;
		};
		F83B54132EB0B1580024A5C6 /* Release */ = {
			isa = XCBuildConfiguration;
			buildSettings = {
				ALWAYS_SEARCH_USER_PATHS = NO;
				ASSETCATALOG_COMPILER_GENERATE_SWIFT_ASSET_SYMBOL_EXTENSIONS = YES;
				CLANG_ANALYZER_NONNULL = YES;
				CLANG_ANALYZER_NUMBER_OBJECT_CONVERSION = YES_AGGRESSIVE;
				CLANG_CXX_LANGUAGE_STANDARD = "gnu++20";
				CLANG_ENABLE_MODULES = YES;
				CLANG_ENABLE_OBJC_ARC = YES;
				CLANG_ENABLE_OBJC_WEAK = YES;
				CLANG_WARN_BLOCK_CAPTURE_AUTORELEASING = YES;
				CLANG_WARN_BOOL_CONVERSION = YES;
				CLANG_WARN_COMMA = YES;
				CLANG_WARN_CONSTANT_CONVERSION = YES;
				CLANG_WARN_DEPRECATED_OBJC_IMPLEMENTATIONS = YES;
				CLANG_WARN_DIRECT_OBJC_ISA_USAGE = YES_ERROR;
				CLANG_WARN_DOCUMENTATION_COMMENTS = YES;
				CLANG_WARN_EMPTY_BODY = YES;
				CLANG_WARN_ENUM_CONVERSION = YES;
				CLANG_WARN_INFINITE_RECURSION = YES;
				CLANG_WARN_INT_CONVERSION = YES;
				CLANG_WARN_NON_LITERAL_NULL_CONVERSION = YES;
				CLANG_WARN_OBJC_IMPLICIT_RETAIN_SELF = YES;
				CLANG_WARN_OBJC_LITERAL_CONVERSION = YES;
				CLANG_WARN_OBJC_ROOT_CLASS = YES_ERROR;
				CLANG_WARN_QUOTED_INCLUDE_IN_FRAMEWORK_HEADER = YES;
				CLANG_WARN_RANGE_LOOP_ANALYSIS = YES;
				CLANG_WARN_STRICT_PROTOTYPES = YES;
				CLANG_WARN_SUSPICIOUS_MOVE = YES;
				CLANG_WARN_UNGUARDED_AVAILABILITY = YES_AGGRESSIVE;
				CLANG_WARN_UNREACHABLE_CODE = YES;
				CLANG_WARN__DUPLICATE_METHOD_MATCH = YES;
				COPY_PHASE_STRIP = NO;
				DEBUG_INFORMATION_FORMAT = "dwarf-with-dsym";
				DEVELOPMENT_TEAM = 8T7JPBH3T6;
				ENABLE_NS_ASSERTIONS = NO;
				ENABLE_STRICT_OBJC_MSGSEND = YES;
				ENABLE_USER_SCRIPT_SANDBOXING = YES;
				GCC_C_LANGUAGE_STANDARD = gnu17;
				GCC_NO_COMMON_BLOCKS = YES;
				GCC_WARN_64_TO_32_BIT_CONVERSION = YES;
				GCC_WARN_ABOUT_RETURN_TYPE = YES_ERROR;
				GCC_WARN_UNDECLARED_SELECTOR = YES;
				GCC_WARN_UNINITIALIZED_AUTOS = YES_AGGRESSIVE;
				GCC_WARN_UNUSED_FUNCTION = YES;
				GCC_WARN_UNUSED_VARIABLE = YES;
				IPHONEOS_DEPLOYMENT_TARGET = 18.4;
				LOCALIZATION_PREFERS_STRING_CATALOGS = YES;
				MTL_ENABLE_DEBUG_INFO = NO;
				MTL_FAST_MATH = YES;
				SDKROOT = iphoneos;
				SWIFT_COMPILATION_MODE = wholemodule;
				VALIDATE_PRODUCT = YES;
			};
			name = Release;
		};
		F83B54152EB0B1580024A5C6 /* Debug */ = {
			isa = XCBuildConfiguration;
			buildSettings = {
				ASSETCATALOG_COMPILER_APPICON_NAME = AppIcon;
				ASSETCATALOG_COMPILER_GLOBAL_ACCENT_COLOR_NAME = AccentColor;
				CODE_SIGN_STYLE = Automatic;
				CURRENT_PROJECT_VERSION = 1;
				DEVELOPMENT_TEAM = JU899G32CW;
				ENABLE_PREVIEWS = YES;
				GENERATE_INFOPLIST_FILE = YES;
				INFOPLIST_FILE = "Acrobits-VoIP-assignment-Info.plist";
				INFOPLIST_KEY_UIApplicationSceneManifest_Generation = YES;
				INFOPLIST_KEY_UIApplicationSupportsIndirectInputEvents = YES;
				INFOPLIST_KEY_UILaunchScreen_Generation = YES;
				INFOPLIST_KEY_UISupportedInterfaceOrientations_iPad = "UIInterfaceOrientationPortrait UIInterfaceOrientationPortraitUpsideDown UIInterfaceOrientationLandscapeLeft UIInterfaceOrientationLandscapeRight";
				INFOPLIST_KEY_UISupportedInterfaceOrientations_iPhone = "UIInterfaceOrientationPortrait UIInterfaceOrientationLandscapeLeft UIInterfaceOrientationLandscapeRight";
				LD_RUNPATH_SEARCH_PATHS = (
					"$(inherited)",
					"@executable_path/Frameworks",
				);
				MARKETING_VERSION = 1.0;
				PRODUCT_BUNDLE_IDENTIFIER = net.acrobits.interview.test.ios;
				PRODUCT_NAME = "$(TARGET_NAME)";
				SWIFT_EMIT_LOC_STRINGS = YES;
				SWIFT_VERSION = 5.0;
				TARGETED_DEVICE_FAMILY = "1,2";
			};
			name = Debug;
		};
		F83B54162EB0B1580024A5C6 /* Release */ = {
			isa = XCBuildConfiguration;
			buildSettings = {
				ASSETCATALOG_COMPILER_APPICON_NAME = AppIcon;
				ASSETCATALOG_COMPILER_GLOBAL_ACCENT_COLOR_NAME = AccentColor;
				CODE_SIGN_STYLE = Automatic;
				CURRENT_PROJECT_VERSION = 1;
				DEVELOPMENT_TEAM = JU899G32CW;
				ENABLE_PREVIEWS = YES;
				GENERATE_INFOPLIST_FILE = YES;
				INFOPLIST_FILE = "Acrobits-VoIP-assignment-Info.plist";
				INFOPLIST_KEY_UIApplicationSceneManifest_Generation = YES;
				INFOPLIST_KEY_UIApplicationSupportsIndirectInputEvents = YES;
				INFOPLIST_KEY_UILaunchScreen_Generation = YES;
				INFOPLIST_KEY_UISupportedInterfaceOrientations_iPad = "UIInterfaceOrientationPortrait UIInterfaceOrientationPortraitUpsideDown UIInterfaceOrientationLandscapeLeft UIInterfaceOrientationLandscapeRight";
				INFOPLIST_KEY_UISupportedInterfaceOrientations_iPhone = "UIInterfaceOrientationPortrait UIInterfaceOrientationLandscapeLeft UIInterfaceOrientationLandscapeRight";
				LD_RUNPATH_SEARCH_PATHS = (
					"$(inherited)",
					"@executable_path/Frameworks",
				);
				MARKETING_VERSION = 1.0;
				PRODUCT_BUNDLE_IDENTIFIER = net.acrobits.interview.test.ios;
				PRODUCT_NAME = "$(TARGET_NAME)";
				SWIFT_EMIT_LOC_STRINGS = YES;
				SWIFT_VERSION = 5.0;
				TARGETED_DEVICE_FAMILY = "1,2";
			};
			name = Release;
		};
		F83B54182EB0B1580024A5C6 /* Debug */ = {
			isa = XCBuildConfiguration;
			buildSettings = {
				BUNDLE_LOADER = "$(TEST_HOST)";
				CODE_SIGN_STYLE = Automatic;
				CURRENT_PROJECT_VERSION = 1;
				DEVELOPMENT_TEAM = 8T7JPBH3T6;
				GENERATE_INFOPLIST_FILE = YES;
				IPHONEOS_DEPLOYMENT_TARGET = 18.4;
				MARKETING_VERSION = 1.0;
				PRODUCT_BUNDLE_IDENTIFIER = "net.acrobits.interview.test.ios.Acrobits-VoIP-assignmentTests";
				PRODUCT_NAME = "$(TARGET_NAME)";
				SWIFT_EMIT_LOC_STRINGS = NO;
				SWIFT_VERSION = 5.0;
				TARGETED_DEVICE_FAMILY = "1,2";
				TEST_HOST = "$(BUILT_PRODUCTS_DIR)/Acrobits VoIP assignment.app/$(BUNDLE_EXECUTABLE_FOLDER_PATH)/Acrobits VoIP assignment";
			};
			name = Debug;
		};
		F83B54192EB0B1580024A5C6 /* Release */ = {
			isa = XCBuildConfiguration;
			buildSettings = {
				BUNDLE_LOADER = "$(TEST_HOST)";
				CODE_SIGN_STYLE = Automatic;
				CURRENT_PROJECT_VERSION = 1;
				DEVELOPMENT_TEAM = 8T7JPBH3T6;
				GENERATE_INFOPLIST_FILE = YES;
				IPHONEOS_DEPLOYMENT_TARGET = 18.4;
				MARKETING_VERSION = 1.0;
				PRODUCT_BUNDLE_IDENTIFIER = "net.acrobits.interview.test.ios.Acrobits-VoIP-assignmentTests";
				PRODUCT_NAME = "$(TARGET_NAME)";
				SWIFT_EMIT_LOC_STRINGS = NO;
				SWIFT_VERSION = 5.0;
				TARGETED_DEVICE_FAMILY = "1,2";
				TEST_HOST = "$(BUILT_PRODUCTS_DIR)/Acrobits VoIP assignment.app/$(BUNDLE_EXECUTABLE_FOLDER_PATH)/Acrobits VoIP assignment";
			};
			name = Release;
		};
		F83B541B2EB0B1580024A5C6 /* Debug */ = {
			isa = XCBuildConfiguration;
			buildSettings = {
				CODE_SIGN_STYLE = Automatic;
				CURRENT_PROJECT_VERSION = 1;
				DEVELOPMENT_TEAM = 8T7JPBH3T6;
				GENERATE_INFOPLIST_FILE = YES;
				MARKETING_VERSION = 1.0;
				PRODUCT_BUNDLE_IDENTIFIER = "net.acrobits.interview.test.ios.Acrobits-VoIP-assignmentUITests";
				PRODUCT_NAME = "$(TARGET_NAME)";
				SWIFT_EMIT_LOC_STRINGS = NO;
				SWIFT_VERSION = 5.0;
				TARGETED_DEVICE_FAMILY = "1,2";
				TEST_TARGET_NAME = "Acrobits VoIP assignment";
			};
			name = Debug;
		};
		F83B541C2EB0B1580024A5C6 /* Release */ = {
			isa = XCBuildConfiguration;
			buildSettings = {
				CODE_SIGN_STYLE = Automatic;
				CURRENT_PROJECT_VERSION = 1;
				DEVELOPMENT_TEAM = 8T7JPBH3T6;
				GENERATE_INFOPLIST_FILE = YES;
				MARKETING_VERSION = 1.0;
				PRODUCT_BUNDLE_IDENTIFIER = "net.acrobits.interview.test.ios.Acrobits-VoIP-assignmentUITests";
				PRODUCT_NAME = "$(TARGET_NAME)";
				SWIFT_EMIT_LOC_STRINGS = NO;
				SWIFT_VERSION = 5.0;
				TARGETED_DEVICE_FAMILY = "1,2";
				TEST_TARGET_NAME = "Acrobits VoIP assignment";
			};
			name = Release;
		};
/* End XCBuildConfiguration section */

/* Begin XCConfigurationList section */
		F83B53EE2EB0B1570024A5C6 /* Build configuration list for PBXProject "Acrobits VoIP assignment" */ = {
			isa = XCConfigurationList;
			buildConfigurations = (
				F83B54122EB0B1580024A5C6 /* Debug */,
				F83B54132EB0B1580024A5C6 /* Release */,
			);
			defaultConfigurationIsVisible = 0;
			defaultConfigurationName = Release;
		};
		F83B54142EB0B1580024A5C6 /* Build configuration list for PBXNativeTarget "Acrobits VoIP assignment" */ = {
			isa = XCConfigurationList;
			buildConfigurations = (
				F83B54152EB0B1580024A5C6 /* Debug */,
				F83B54162EB0B1580024A5C6 /* Release */,
			);
			defaultConfigurationIsVisible = 0;
			defaultConfigurationName = Release;
		};
		F83B54172EB0B1580024A5C6 /* Build configuration list for PBXNativeTarget "Acrobits VoIP assignmentTests" */ = {
			isa = XCConfigurationList;
			buildConfigurations = (
				F83B54182EB0B1580024A5C6 /* Debug */,
				F83B54192EB0B1580024A5C6 /* Release */,
			);
			defaultConfigurationIsVisible = 0;
			defaultConfigurationName = Release;
		};
		F83B541A2EB0B1580024A5C6 /* Build configuration list for PBXNativeTarget "Acrobits VoIP assignmentUITests" */ = {
			isa = XCConfigurationList;
			buildConfigurations = (
				F83B541B2EB0B1580024A5C6 /* Debug */,
				F83B541C2EB0B1580024A5C6 /* Release */,
			);
			defaultConfigurationIsVisible = 0;
			defaultConfigurationName = Release;
		};
/* End XCConfigurationList section */

/* Begin XCRemoteSwiftPackageReference section */
		F83B54592EB0B7AD0024A5C6 /* XCRemoteSwiftPackageReference "SoftphoneSwiftPackage-saas" */ = {
			isa = XCRemoteSwiftPackageReference;
			repositoryURL = "https://github.com/acrobits/SoftphoneSwiftPackage-saas.git";
			requirement = {
				kind = upToNextMajorVersion;
				minimumVersion = 25.2.5;
			};
		};
/* End XCRemoteSwiftPackageReference section */

/* Begin XCSwiftPackageProductDependency section */
		F83B545A2EB0B7AD0024A5C6 /* SoftphoneSwiftPackage-saas */ = {
			isa = XCSwiftPackageProductDependency;
			package = F83B54592EB0B7AD0024A5C6 /* XCRemoteSwiftPackageReference "SoftphoneSwiftPackage-saas" */;
			productName = "SoftphoneSwiftPackage-saas";
		};
/* End XCSwiftPackageProductDependency section */
	};
	rootObject = F83B53EB2EB0B1570024A5C6 /* Project object */;
}
